// !$*UTF8*$!
{
	archiveVersion = 1;
	classes = {
	};
	objectVersion = 55;
	objects = {

/* Begin PBXBuildFile section */
		1843AF8C299C9023009DC271 /* AppDelegate.swift in Sources */ = {isa = PBXBuildFile; fileRef = 1843AF8B299C9023009DC271 /* AppDelegate.swift */; };
		1843AF8E299C9023009DC271 /* SceneDelegate.swift in Sources */ = {isa = PBXBuildFile; fileRef = 1843AF8D299C9023009DC271 /* SceneDelegate.swift */; };
		1843AF90299C9023009DC271 /* ViewController.swift in Sources */ = {isa = PBXBuildFile; fileRef = 1843AF8F299C9023009DC271 /* ViewController.swift */; };
		1843AF93299C9023009DC271 /* Main.storyboard in Resources */ = {isa = PBXBuildFile; fileRef = 1843AF91299C9023009DC271 /* Main.storyboard */; };
		1843AF95299C9026009DC271 /* Assets.xcassets in Resources */ = {isa = PBXBuildFile; fileRef = 1843AF94299C9026009DC271 /* Assets.xcassets */; };
		1843AF98299C9026009DC271 /* LaunchScreen.storyboard in Resources */ = {isa = PBXBuildFile; fileRef = 1843AF96299C9026009DC271 /* LaunchScreen.storyboard */; };
		1843AFA3299CC32F009DC271 /* Configuration.swift in Sources */ = {isa = PBXBuildFile; fileRef = 1843AFA2299CC32F009DC271 /* Configuration.swift */; };
		18F7E4CD29A348D4004CD02A /* BetaScheme.xcconfig in Resources */ = {isa = PBXBuildFile; fileRef = 18F7E4C829A348D4004CD02A /* BetaScheme.xcconfig */; };
		18F7E4CE29A348D4004CD02A /* BaseScheme.xcconfig in Resources */ = {isa = PBXBuildFile; fileRef = 18F7E4C929A348D4004CD02A /* BaseScheme.xcconfig */; };
		18F7E4CF29A348D4004CD02A /* AppStoreScheme.xcconfig in Resources */ = {isa = PBXBuildFile; fileRef = 18F7E4CA29A348D4004CD02A /* AppStoreScheme.xcconfig */; };
		18F7E4D029A348D4004CD02A /* MediaScheme.xcconfig in Resources */ = {isa = PBXBuildFile; fileRef = 18F7E4CB29A348D4004CD02A /* MediaScheme.xcconfig */; };
		18F7E4D129A348D4004CD02A /* AlphaScheme.xcconfig in Resources */ = {isa = PBXBuildFile; fileRef = 18F7E4CC29A348D4004CD02A /* AlphaScheme.xcconfig */; };
		1E9DF664DA12BBDB23A35074 /* Pods_YYProjectConfig.framework in Frameworks */ = {isa = PBXBuildFile; fileRef = BC015BC48700C40B12BDDE53 /* Pods_YYProjectConfig.framework */; };
/* End PBXBuildFile section */

/* Begin PBXFileReference section */
		1843AF88299C9023009DC271 /* YYProjectConfig.app */ = {isa = PBXFileReference; explicitFileType = wrapper.application; includeInIndex = 0; path = YYProjectConfig.app; sourceTree = BUILT_PRODUCTS_DIR; };
		1843AF8B299C9023009DC271 /* AppDelegate.swift */ = {isa = PBXFileReference; lastKnownFileType = sourcecode.swift; path = AppDelegate.swift; sourceTree = "<group>"; };
		1843AF8D299C9023009DC271 /* SceneDelegate.swift */ = {isa = PBXFileReference; lastKnownFileType = sourcecode.swift; path = SceneDelegate.swift; sourceTree = "<group>"; };
		1843AF8F299C9023009DC271 /* ViewController.swift */ = {isa = PBXFileReference; lastKnownFileType = sourcecode.swift; path = ViewController.swift; sourceTree = "<group>"; };
		1843AF92299C9023009DC271 /* Base */ = {isa = PBXFileReference; lastKnownFileType = file.storyboard; name = Base; path = Base.lproj/Main.storyboard; sourceTree = "<group>"; };
		1843AF94299C9026009DC271 /* Assets.xcassets */ = {isa = PBXFileReference; lastKnownFileType = folder.assetcatalog; path = Assets.xcassets; sourceTree = "<group>"; };
		1843AF97299C9026009DC271 /* Base */ = {isa = PBXFileReference; lastKnownFileType = file.storyboard; name = Base; path = Base.lproj/LaunchScreen.storyboard; sourceTree = "<group>"; };
		1843AF99299C9026009DC271 /* Info.plist */ = {isa = PBXFileReference; lastKnownFileType = text.plist.xml; path = Info.plist; sourceTree = "<group>"; };
		1843AFA2299CC32F009DC271 /* Configuration.swift */ = {isa = PBXFileReference; lastKnownFileType = sourcecode.swift; path = Configuration.swift; sourceTree = "<group>"; };
		18F7E4C829A348D4004CD02A /* BetaScheme.xcconfig */ = {isa = PBXFileReference; fileEncoding = 4; lastKnownFileType = text.xcconfig; path = BetaScheme.xcconfig; sourceTree = "<group>"; };
		18F7E4C929A348D4004CD02A /* BaseScheme.xcconfig */ = {isa = PBXFileReference; fileEncoding = 4; lastKnownFileType = text.xcconfig; path = BaseScheme.xcconfig; sourceTree = "<group>"; };
		18F7E4CA29A348D4004CD02A /* AppStoreScheme.xcconfig */ = {isa = PBXFileReference; fileEncoding = 4; lastKnownFileType = text.xcconfig; path = AppStoreScheme.xcconfig; sourceTree = "<group>"; };
		18F7E4CB29A348D4004CD02A /* MediaScheme.xcconfig */ = {isa = PBXFileReference; fileEncoding = 4; lastKnownFileType = text.xcconfig; path = MediaScheme.xcconfig; sourceTree = "<group>"; };
		18F7E4CC29A348D4004CD02A /* AlphaScheme.xcconfig */ = {isa = PBXFileReference; fileEncoding = 4; lastKnownFileType = text.xcconfig; path = AlphaScheme.xcconfig; sourceTree = "<group>"; };
		5F7510D1CFAA881BF389F141 /* Pods-YYProjectConfig.alpha.xcconfig */ = {isa = PBXFileReference; includeInIndex = 1; lastKnownFileType = text.xcconfig; name = "Pods-YYProjectConfig.alpha.xcconfig"; path = "Target Support Files/Pods-YYProjectConfig/Pods-YYProjectConfig.alpha.xcconfig"; sourceTree = "<group>"; };
		75A2C78819DE34D826BE5432 /* Pods-YYProjectConfig.appsore.xcconfig */ = {isa = PBXFileReference; includeInIndex = 1; lastKnownFileType = text.xcconfig; name = "Pods-YYProjectConfig.appsore.xcconfig"; path = "Target Support Files/Pods-YYProjectConfig/Pods-YYProjectConfig.appsore.xcconfig"; sourceTree = "<group>"; };
		BC015BC48700C40B12BDDE53 /* Pods_YYProjectConfig.framework */ = {isa = PBXFileReference; explicitFileType = wrapper.framework; includeInIndex = 0; path = Pods_YYProjectConfig.framework; sourceTree = BUILT_PRODUCTS_DIR; };
		DE49296E3EDAA8049B8E3AEE /* Pods-YYProjectConfig.media.xcconfig */ = {isa = PBXFileReference; includeInIndex = 1; lastKnownFileType = text.xcconfig; name = "Pods-YYProjectConfig.media.xcconfig"; path = "Target Support Files/Pods-YYProjectConfig/Pods-YYProjectConfig.media.xcconfig"; sourceTree = "<group>"; };
		E85BB789A01C5C191A93B099 /* Pods-YYProjectConfig.beta.xcconfig */ = {isa = PBXFileReference; includeInIndex = 1; lastKnownFileType = text.xcconfig; name = "Pods-YYProjectConfig.beta.xcconfig"; path = "Target Support Files/Pods-YYProjectConfig/Pods-YYProjectConfig.beta.xcconfig"; sourceTree = "<group>"; };
/* End PBXFileReference section */

/* Begin PBXFrameworksBuildPhase section */
		1843AF85299C9023009DC271 /* Frameworks */ = {
			isa = PBXFrameworksBuildPhase;
			buildActionMask = 2147483647;
			files = (
				1E9DF664DA12BBDB23A35074 /* Pods_YYProjectConfig.framework in Frameworks */,
			);
			runOnlyForDeploymentPostprocessing = 0;
		};
/* End PBXFrameworksBuildPhase section */

/* Begin PBXGroup section */
		1843AF7F299C9023009DC271 = {
			isa = PBXGroup;
			children = (
				1843AF8A299C9023009DC271 /* YYProjectConfig */,
				1843AF89299C9023009DC271 /* Products */,
				E5C3E3D3F84FF3F564A13592 /* Pods */,
				F4D62AE65BC842577DE36645 /* Frameworks */,
			);
			sourceTree = "<group>";
		};
		1843AF89299C9023009DC271 /* Products */ = {
			isa = PBXGroup;
			children = (
				1843AF88299C9023009DC271 /* YYProjectConfig.app */,
			);
			name = Products;
			sourceTree = "<group>";
		};
		1843AF8A299C9023009DC271 /* YYProjectConfig */ = {
			isa = PBXGroup;
			children = (
				18F7E489299F6FA0004CD02A /* xcconfigs */,
				1843AF8B299C9023009DC271 /* AppDelegate.swift */,
				1843AF8D299C9023009DC271 /* SceneDelegate.swift */,
				1843AF8F299C9023009DC271 /* ViewController.swift */,
				1843AF91299C9023009DC271 /* Main.storyboard */,
				1843AF94299C9026009DC271 /* Assets.xcassets */,
				1843AF96299C9026009DC271 /* LaunchScreen.storyboard */,
				1843AF99299C9026009DC271 /* Info.plist */,
				1843AFA2299CC32F009DC271 /* Configuration.swift */,
			);
			path = YYProjectConfig;
			sourceTree = "<group>";
		};
		18F7E489299F6FA0004CD02A /* xcconfigs */ = {
			isa = PBXGroup;
			children = (
				18F7E4C729A348D4004CD02A /* targets */,
			);
			path = xcconfigs;
			sourceTree = "<group>";
		};
		18F7E4C729A348D4004CD02A /* targets */ = {
			isa = PBXGroup;
			children = (
				18F7E4C829A348D4004CD02A /* BetaScheme.xcconfig */,
				18F7E4C929A348D4004CD02A /* BaseScheme.xcconfig */,
				18F7E4CA29A348D4004CD02A /* AppStoreScheme.xcconfig */,
				18F7E4CB29A348D4004CD02A /* MediaScheme.xcconfig */,
				18F7E4CC29A348D4004CD02A /* AlphaScheme.xcconfig */,
			);
			path = targets;
			sourceTree = "<group>";
		};
		E5C3E3D3F84FF3F564A13592 /* Pods */ = {
			isa = PBXGroup;
			children = (
				5F7510D1CFAA881BF389F141 /* Pods-YYProjectConfig.alpha.xcconfig */,
				E85BB789A01C5C191A93B099 /* Pods-YYProjectConfig.beta.xcconfig */,
				DE49296E3EDAA8049B8E3AEE /* Pods-YYProjectConfig.media.xcconfig */,
				75A2C78819DE34D826BE5432 /* Pods-YYProjectConfig.appsore.xcconfig */,
			);
			path = Pods;
			sourceTree = "<group>";
		};
		F4D62AE65BC842577DE36645 /* Frameworks */ = {
			isa = PBXGroup;
			children = (
				BC015BC48700C40B12BDDE53 /* Pods_YYProjectConfig.framework */,
			);
			name = Frameworks;
			sourceTree = "<group>";
		};
/* End PBXGroup section */

/* Begin PBXNativeTarget section */
		1843AF87299C9023009DC271 /* YYProjectConfig */ = {
			isa = PBXNativeTarget;
			buildConfigurationList = 1843AF9C299C9026009DC271 /* Build configuration list for PBXNativeTarget "YYProjectConfig" */;
			buildPhases = (
				4F9435FA4700FAF7925B63BC /* [CP] Check Pods Manifest.lock */,
				1843AF84299C9023009DC271 /* Sources */,
				1843AF85299C9023009DC271 /* Frameworks */,
				1843AF86299C9023009DC271 /* Resources */,
				DDC60C266AEEDA937875144F /* [CP] Embed Pods Frameworks */,
			);
			buildRules = (
			);
			dependencies = (
			);
			name = YYProjectConfig;
			productName = YYProjectConfig;
			productReference = 1843AF88299C9023009DC271 /* YYProjectConfig.app */;
			productType = "com.apple.product-type.application";
		};
/* End PBXNativeTarget section */

/* Begin PBXProject section */
		1843AF80299C9023009DC271 /* Project object */ = {
			isa = PBXProject;
			attributes = {
				BuildIndependentTargetsInParallel = 1;
				LastSwiftUpdateCheck = 1400;
				LastUpgradeCheck = 1400;
				TargetAttributes = {
					1843AF87299C9023009DC271 = {
						CreatedOnToolsVersion = 14.0.1;
					};
				};
			};
			buildConfigurationList = 1843AF83299C9023009DC271 /* Build configuration list for PBXProject "YYProjectConfig" */;
			compatibilityVersion = "Xcode 13.0";
			developmentRegion = en;
			hasScannedForEncodings = 0;
			knownRegions = (
				en,
				Base,
			);
			mainGroup = 1843AF7F299C9023009DC271;
			productRefGroup = 1843AF89299C9023009DC271 /* Products */;
			projectDirPath = "";
			projectRoot = "";
			targets = (
				1843AF87299C9023009DC271 /* YYProjectConfig */,
			);
		};
/* End PBXProject section */

/* Begin PBXResourcesBuildPhase section */
		1843AF86299C9023009DC271 /* Resources */ = {
			isa = PBXResourcesBuildPhase;
			buildActionMask = 2147483647;
			files = (
				1843AF98299C9026009DC271 /* LaunchScreen.storyboard in Resources */,
				1843AF95299C9026009DC271 /* Assets.xcassets in Resources */,
				18F7E4CE29A348D4004CD02A /* BaseScheme.xcconfig in Resources */,
				18F7E4CF29A348D4004CD02A /* AppStoreScheme.xcconfig in Resources */,
				1843AF93299C9023009DC271 /* Main.storyboard in Resources */,
				18F7E4CD29A348D4004CD02A /* BetaScheme.xcconfig in Resources */,
				18F7E4D129A348D4004CD02A /* AlphaScheme.xcconfig in Resources */,
				18F7E4D029A348D4004CD02A /* MediaScheme.xcconfig in Resources */,
			);
			runOnlyForDeploymentPostprocessing = 0;
		};
/* End PBXResourcesBuildPhase section */

/* Begin PBXShellScriptBuildPhase section */
		4F9435FA4700FAF7925B63BC /* [CP] Check Pods Manifest.lock */ = {
			isa = PBXShellScriptBuildPhase;
			buildActionMask = 2147483647;
			files = (
			);
			inputFileListPaths = (
			);
			inputPaths = (
				"${PODS_PODFILE_DIR_PATH}/Podfile.lock",
				"${PODS_ROOT}/Manifest.lock",
			);
			name = "[CP] Check Pods Manifest.lock";
			outputFileListPaths = (
			);
			outputPaths = (
				"$(DERIVED_FILE_DIR)/Pods-YYProjectConfig-checkManifestLockResult.txt",
			);
			runOnlyForDeploymentPostprocessing = 0;
			shellPath = /bin/sh;
			shellScript = "diff \"${PODS_PODFILE_DIR_PATH}/Podfile.lock\" \"${PODS_ROOT}/Manifest.lock\" > /dev/null\nif [ $? != 0 ] ; then\n    # print error to STDERR\n    echo \"error: The sandbox is not in sync with the Podfile.lock. Run 'pod install' or update your CocoaPods installation.\" >&2\n    exit 1\nfi\n# This output is used by Xcode 'outputs' to avoid re-running this script phase.\necho \"SUCCESS\" > \"${SCRIPT_OUTPUT_FILE_0}\"\n";
			showEnvVarsInLog = 0;
		};
		DDC60C266AEEDA937875144F /* [CP] Embed Pods Frameworks */ = {
			isa = PBXShellScriptBuildPhase;
			buildActionMask = 2147483647;
			files = (
			);
			inputFileListPaths = (
				"${PODS_ROOT}/Target Support Files/Pods-YYProjectConfig/Pods-YYProjectConfig-frameworks-${CONFIGURATION}-input-files.xcfilelist",
			);
			name = "[CP] Embed Pods Frameworks";
			outputFileListPaths = (
				"${PODS_ROOT}/Target Support Files/Pods-YYProjectConfig/Pods-YYProjectConfig-frameworks-${CONFIGURATION}-output-files.xcfilelist",
			);
			runOnlyForDeploymentPostprocessing = 0;
			shellPath = /bin/sh;
			shellScript = "\"${PODS_ROOT}/Target Support Files/Pods-YYProjectConfig/Pods-YYProjectConfig-frameworks.sh\"\n";
			showEnvVarsInLog = 0;
		};
/* End PBXShellScriptBuildPhase section */

/* Begin PBXSourcesBuildPhase section */
		1843AF84299C9023009DC271 /* Sources */ = {
			isa = PBXSourcesBuildPhase;
			buildActionMask = 2147483647;
			files = (
				1843AF90299C9023009DC271 /* ViewController.swift in Sources */,
				1843AF8C299C9023009DC271 /* AppDelegate.swift in Sources */,
				1843AFA3299CC32F009DC271 /* Configuration.swift in Sources */,
				1843AF8E299C9023009DC271 /* SceneDelegate.swift in Sources */,
			);
			runOnlyForDeploymentPostprocessing = 0;
		};
/* End PBXSourcesBuildPhase section */

/* Begin PBXVariantGroup section */
		1843AF91299C9023009DC271 /* Main.storyboard */ = {
			isa = PBXVariantGroup;
			children = (
				1843AF92299C9023009DC271 /* Base */,
			);
			name = Main.storyboard;
			sourceTree = "<group>";
		};
		1843AF96299C9026009DC271 /* LaunchScreen.storyboard */ = {
			isa = PBXVariantGroup;
			children = (
				1843AF97299C9026009DC271 /* Base */,
			);
			name = LaunchScreen.storyboard;
			sourceTree = "<group>";
		};
/* End PBXVariantGroup section */

/* Begin XCBuildConfiguration section */
		18F7E494299F7305004CD02A /* Alpha */ = {
			isa = XCBuildConfiguration;
			buildSettings = {
				ALWAYS_SEARCH_USER_PATHS = NO;
				CLANG_ANALYZER_NONNULL = YES;
				CLANG_ANALYZER_NUMBER_OBJECT_CONVERSION = YES_AGGRESSIVE;
				CLANG_CXX_LANGUAGE_STANDARD = "gnu++20";
				CLANG_ENABLE_MODULES = YES;
				CLANG_ENABLE_OBJC_ARC = YES;
				CLANG_ENABLE_OBJC_WEAK = YES;
				CLANG_WARN_BLOCK_CAPTURE_AUTORELEASING = YES;
				CLANG_WARN_BOOL_CONVERSION = YES;
				CLANG_WARN_COMMA = YES;
				CLANG_WARN_CONSTANT_CONVERSION = YES;
				CLANG_WARN_DEPRECATED_OBJC_IMPLEMENTATIONS = YES;
				CLANG_WARN_DIRECT_OBJC_ISA_USAGE = YES_ERROR;
				CLANG_WARN_DOCUMENTATION_COMMENTS = YES;
				CLANG_WARN_EMPTY_BODY = YES;
				CLANG_WARN_ENUM_CONVERSION = YES;
				CLANG_WARN_INFINITE_RECURSION = YES;
				CLANG_WARN_INT_CONVERSION = YES;
				CLANG_WARN_NON_LITERAL_NULL_CONVERSION = YES;
				CLANG_WARN_OBJC_IMPLICIT_RETAIN_SELF = YES;
				CLANG_WARN_OBJC_LITERAL_CONVERSION = YES;
				CLANG_WARN_OBJC_ROOT_CLASS = YES_ERROR;
				CLANG_WARN_QUOTED_INCLUDE_IN_FRAMEWORK_HEADER = YES;
				CLANG_WARN_RANGE_LOOP_ANALYSIS = YES;
				CLANG_WARN_STRICT_PROTOTYPES = YES;
				CLANG_WARN_SUSPICIOUS_MOVE = YES;
				CLANG_WARN_UNGUARDED_AVAILABILITY = YES_AGGRESSIVE;
				CLANG_WARN_UNREACHABLE_CODE = YES;
				CLANG_WARN__DUPLICATE_METHOD_MATCH = YES;
				COPY_PHASE_STRIP = NO;
				DEBUG_INFORMATION_FORMAT = "dwarf-with-dsym";
				ENABLE_NS_ASSERTIONS = NO;
				ENABLE_STRICT_OBJC_MSGSEND = YES;
				GCC_C_LANGUAGE_STANDARD = gnu11;
				GCC_NO_COMMON_BLOCKS = YES;
				GCC_WARN_64_TO_32_BIT_CONVERSION = YES;
				GCC_WARN_ABOUT_RETURN_TYPE = YES_ERROR;
				GCC_WARN_UNDECLARED_SELECTOR = YES;
				GCC_WARN_UNINITIALIZED_AUTOS = YES_AGGRESSIVE;
				GCC_WARN_UNUSED_FUNCTION = YES;
				GCC_WARN_UNUSED_VARIABLE = YES;
				IPHONEOS_DEPLOYMENT_TARGET = 13.0;
				MTL_ENABLE_DEBUG_INFO = NO;
				MTL_FAST_MATH = YES;
				SDKROOT = iphoneos;
				SWIFT_COMPILATION_MODE = wholemodule;
				SWIFT_OPTIMIZATION_LEVEL = "-O";
				VALIDATE_PRODUCT = YES;
			};
			name = Alpha;
		};
		18F7E495299F7305004CD02A /* Alpha */ = {
			isa = XCBuildConfiguration;
			buildSettings = {
				ASSETCATALOG_COMPILER_APPICON_NAME = AppIcon;
				ASSETCATALOG_COMPILER_GLOBAL_ACCENT_COLOR_NAME = AccentColor;
				CODE_SIGN_STYLE = Automatic;
				CURRENT_PROJECT_VERSION = 1;
				DEVELOPMENT_TEAM = 8TQG57X94B;
				GENERATE_INFOPLIST_FILE = YES;
				INFOPLIST_FILE = YYProjectConfig/Info.plist;
				INFOPLIST_KEY_CFBundleDisplayName = "NothingX-Beta";
				INFOPLIST_KEY_UIApplicationSupportsIndirectInputEvents = YES;
				INFOPLIST_KEY_UILaunchStoryboardName = LaunchScreen;
				INFOPLIST_KEY_UIMainStoryboardFile = Main;
				INFOPLIST_KEY_UISupportedInterfaceOrientations_iPad = "UIInterfaceOrientationPortrait UIInterfaceOrientationPortraitUpsideDown UIInterfaceOrientationLandscapeLeft UIInterfaceOrientationLandscapeRight";
				INFOPLIST_KEY_UISupportedInterfaceOrientations_iPhone = "UIInterfaceOrientationPortrait UIInterfaceOrientationLandscapeLeft UIInterfaceOrientationLandscapeRight";
				LD_RUNPATH_SEARCH_PATHS = (
					"$(inherited)",
					"@executable_path/Frameworks",
				);
				MARKETING_VERSION = 1.0;
				PRODUCT_BUNDLE_IDENTIFIER = com.nothing.YYProjectConfig;
				PRODUCT_NAME = "$(TARGET_NAME)";
				SWIFT_EMIT_LOC_STRINGS = YES;
				SWIFT_VERSION = 5.0;
				TARGETED_DEVICE_FAMILY = "1,2";
			};
			name = Alpha;
		};
		18F7E496299F7331004CD02A /* Beta */ = {
			isa = XCBuildConfiguration;
			buildSettings = {
				ALWAYS_SEARCH_USER_PATHS = NO;
				CLANG_ANALYZER_NONNULL = YES;
				CLANG_ANALYZER_NUMBER_OBJECT_CONVERSION = YES_AGGRESSIVE;
				CLANG_CXX_LANGUAGE_STANDARD = "gnu++20";
				CLANG_ENABLE_MODULES = YES;
				CLANG_ENABLE_OBJC_ARC = YES;
				CLANG_ENABLE_OBJC_WEAK = YES;
				CLANG_WARN_BLOCK_CAPTURE_AUTORELEASING = YES;
				CLANG_WARN_BOOL_CONVERSION = YES;
				CLANG_WARN_COMMA = YES;
				CLANG_WARN_CONSTANT_CONVERSION = YES;
				CLANG_WARN_DEPRECATED_OBJC_IMPLEMENTATIONS = YES;
				CLANG_WARN_DIRECT_OBJC_ISA_USAGE = YES_ERROR;
				CLANG_WARN_DOCUMENTATION_COMMENTS = YES;
				CLANG_WARN_EMPTY_BODY = YES;
				CLANG_WARN_ENUM_CONVERSION = YES;
				CLANG_WARN_INFINITE_RECURSION = YES;
				CLANG_WARN_INT_CONVERSION = YES;
				CLANG_WARN_NON_LITERAL_NULL_CONVERSION = YES;
				CLANG_WARN_OBJC_IMPLICIT_RETAIN_SELF = YES;
				CLANG_WARN_OBJC_LITERAL_CONVERSION = YES;
				CLANG_WARN_OBJC_ROOT_CLASS = YES_ERROR;
				CLANG_WARN_QUOTED_INCLUDE_IN_FRAMEWORK_HEADER = YES;
				CLANG_WARN_RANGE_LOOP_ANALYSIS = YES;
				CLANG_WARN_STRICT_PROTOTYPES = YES;
				CLANG_WARN_SUSPICIOUS_MOVE = YES;
				CLANG_WARN_UNGUARDED_AVAILABILITY = YES_AGGRESSIVE;
				CLANG_WARN_UNREACHABLE_CODE = YES;
				CLANG_WARN__DUPLICATE_METHOD_MATCH = YES;
				COPY_PHASE_STRIP = NO;
				DEBUG_INFORMATION_FORMAT = "dwarf-with-dsym";
				ENABLE_NS_ASSERTIONS = NO;
				ENABLE_STRICT_OBJC_MSGSEND = YES;
				GCC_C_LANGUAGE_STANDARD = gnu11;
				GCC_NO_COMMON_BLOCKS = YES;
				GCC_WARN_64_TO_32_BIT_CONVERSION = YES;
				GCC_WARN_ABOUT_RETURN_TYPE = YES_ERROR;
				GCC_WARN_UNDECLARED_SELECTOR = YES;
				GCC_WARN_UNINITIALIZED_AUTOS = YES_AGGRESSIVE;
				GCC_WARN_UNUSED_FUNCTION = YES;
				GCC_WARN_UNUSED_VARIABLE = YES;
				IPHONEOS_DEPLOYMENT_TARGET = 13.0;
				MTL_ENABLE_DEBUG_INFO = NO;
				MTL_FAST_MATH = YES;
				SDKROOT = iphoneos;
				SWIFT_COMPILATION_MODE = wholemodule;
				SWIFT_OPTIMIZATION_LEVEL = "-O";
				VALIDATE_PRODUCT = YES;
			};
			name = Beta;
		};
		18F7E497299F7331004CD02A /* Beta */ = {
			isa = XCBuildConfiguration;
			buildSettings = {
				ASSETCATALOG_COMPILER_APPICON_NAME = AppIcon;
				ASSETCATALOG_COMPILER_GLOBAL_ACCENT_COLOR_NAME = AccentColor;
				CODE_SIGN_STYLE = Automatic;
				CURRENT_PROJECT_VERSION = 1;
				DEVELOPMENT_TEAM = 8TQG57X94B;
				GENERATE_INFOPLIST_FILE = YES;
				INFOPLIST_FILE = YYProjectConfig/Info.plist;
				INFOPLIST_KEY_CFBundleDisplayName = "NothingX-Beta";
				INFOPLIST_KEY_UIApplicationSupportsIndirectInputEvents = YES;
				INFOPLIST_KEY_UILaunchStoryboardName = LaunchScreen;
				INFOPLIST_KEY_UIMainStoryboardFile = Main;
				INFOPLIST_KEY_UISupportedInterfaceOrientations_iPad = "UIInterfaceOrientationPortrait UIInterfaceOrientationPortraitUpsideDown UIInterfaceOrientationLandscapeLeft UIInterfaceOrientationLandscapeRight";
				INFOPLIST_KEY_UISupportedInterfaceOrientations_iPhone = "UIInterfaceOrientationPortrait UIInterfaceOrientationLandscapeLeft UIInterfaceOrientationLandscapeRight";
				LD_RUNPATH_SEARCH_PATHS = (
					"$(inherited)",
					"@executable_path/Frameworks",
				);
				MARKETING_VERSION = 1.0;
				PRODUCT_BUNDLE_IDENTIFIER = com.nothing.YYProjectConfig;
				PRODUCT_NAME = "$(TARGET_NAME)";
				SWIFT_EMIT_LOC_STRINGS = YES;
				SWIFT_VERSION = 5.0;
				TARGETED_DEVICE_FAMILY = "1,2";
			};
			name = Beta;
		};
		18F7E498299F733C004CD02A /* Media */ = {
			isa = XCBuildConfiguration;
			buildSettings = {
				ALWAYS_SEARCH_USER_PATHS = NO;
				CLANG_ANALYZER_NONNULL = YES;
				CLANG_ANALYZER_NUMBER_OBJECT_CONVERSION = YES_AGGRESSIVE;
				CLANG_CXX_LANGUAGE_STANDARD = "gnu++20";
				CLANG_ENABLE_MODULES = YES;
				CLANG_ENABLE_OBJC_ARC = YES;
				CLANG_ENABLE_OBJC_WEAK = YES;
				CLANG_WARN_BLOCK_CAPTURE_AUTORELEASING = YES;
				CLANG_WARN_BOOL_CONVERSION = YES;
				CLANG_WARN_COMMA = YES;
				CLANG_WARN_CONSTANT_CONVERSION = YES;
				CLANG_WARN_DEPRECATED_OBJC_IMPLEMENTATIONS = YES;
				CLANG_WARN_DIRECT_OBJC_ISA_USAGE = YES_ERROR;
				CLANG_WARN_DOCUMENTATION_COMMENTS = YES;
				CLANG_WARN_EMPTY_BODY = YES;
				CLANG_WARN_ENUM_CONVERSION = YES;
				CLANG_WARN_INFINITE_RECURSION = YES;
				CLANG_WARN_INT_CONVERSION = YES;
				CLANG_WARN_NON_LITERAL_NULL_CONVERSION = YES;
				CLANG_WARN_OBJC_IMPLICIT_RETAIN_SELF = YES;
				CLANG_WARN_OBJC_LITERAL_CONVERSION = YES;
				CLANG_WARN_OBJC_ROOT_CLASS = YES_ERROR;
				CLANG_WARN_QUOTED_INCLUDE_IN_FRAMEWORK_HEADER = YES;
				CLANG_WARN_RANGE_LOOP_ANALYSIS = YES;
				CLANG_WARN_STRICT_PROTOTYPES = YES;
				CLANG_WARN_SUSPICIOUS_MOVE = YES;
				CLANG_WARN_UNGUARDED_AVAILABILITY = YES_AGGRESSIVE;
				CLANG_WARN_UNREACHABLE_CODE = YES;
				CLANG_WARN__DUPLICATE_METHOD_MATCH = YES;
				COPY_PHASE_STRIP = NO;
				DEBUG_INFORMATION_FORMAT = "dwarf-with-dsym";
				ENABLE_NS_ASSERTIONS = NO;
				ENABLE_STRICT_OBJC_MSGSEND = YES;
				GCC_C_LANGUAGE_STANDARD = gnu11;
				GCC_NO_COMMON_BLOCKS = YES;
				GCC_WARN_64_TO_32_BIT_CONVERSION = YES;
				GCC_WARN_ABOUT_RETURN_TYPE = YES_ERROR;
				GCC_WARN_UNDECLARED_SELECTOR = YES;
				GCC_WARN_UNINITIALIZED_AUTOS = YES_AGGRESSIVE;
				GCC_WARN_UNUSED_FUNCTION = YES;
				GCC_WARN_UNUSED_VARIABLE = YES;
				IPHONEOS_DEPLOYMENT_TARGET = 13.0;
				MTL_ENABLE_DEBUG_INFO = NO;
				MTL_FAST_MATH = YES;
				SDKROOT = iphoneos;
				SWIFT_COMPILATION_MODE = wholemodule;
				SWIFT_OPTIMIZATION_LEVEL = "-O";
				VALIDATE_PRODUCT = YES;
			};
			name = Media;
		};
		18F7E499299F733C004CD02A /* Media */ = {
			isa = XCBuildConfiguration;
			buildSettings = {
				ASSETCATALOG_COMPILER_APPICON_NAME = AppIcon;
				ASSETCATALOG_COMPILER_GLOBAL_ACCENT_COLOR_NAME = AccentColor;
				CODE_SIGN_STYLE = Automatic;
				CURRENT_PROJECT_VERSION = 1;
				DEVELOPMENT_TEAM = 8TQG57X94B;
				GENERATE_INFOPLIST_FILE = YES;
				INFOPLIST_FILE = YYProjectConfig/Info.plist;
				INFOPLIST_KEY_CFBundleDisplayName = "NothingX-Beta";
				INFOPLIST_KEY_UIApplicationSupportsIndirectInputEvents = YES;
				INFOPLIST_KEY_UILaunchStoryboardName = LaunchScreen;
				INFOPLIST_KEY_UIMainStoryboardFile = Main;
				INFOPLIST_KEY_UISupportedInterfaceOrientations_iPad = "UIInterfaceOrientationPortrait UIInterfaceOrientationPortraitUpsideDown UIInterfaceOrientationLandscapeLeft UIInterfaceOrientationLandscapeRight";
				INFOPLIST_KEY_UISupportedInterfaceOrientations_iPhone = "UIInterfaceOrientationPortrait UIInterfaceOrientationLandscapeLeft UIInterfaceOrientationLandscapeRight";
				LD_RUNPATH_SEARCH_PATHS = (
					"$(inherited)",
					"@executable_path/Frameworks",
				);
				MARKETING_VERSION = 1.0;
				PRODUCT_BUNDLE_IDENTIFIER = com.nothing.YYProjectConfig;
				PRODUCT_NAME = "$(TARGET_NAME)";
				SWIFT_EMIT_LOC_STRINGS = YES;
				SWIFT_VERSION = 5.0;
				TARGETED_DEVICE_FAMILY = "1,2";
			};
			name = Media;
		};
		18F7E49A299F7346004CD02A /* AppSore */ = {
			isa = XCBuildConfiguration;
			buildSettings = {
				ALWAYS_SEARCH_USER_PATHS = NO;
				CLANG_ANALYZER_NONNULL = YES;
				CLANG_ANALYZER_NUMBER_OBJECT_CONVERSION = YES_AGGRESSIVE;
				CLANG_CXX_LANGUAGE_STANDARD = "gnu++20";
				CLANG_ENABLE_MODULES = YES;
				CLANG_ENABLE_OBJC_ARC = YES;
				CLANG_ENABLE_OBJC_WEAK = YES;
				CLANG_WARN_BLOCK_CAPTURE_AUTORELEASING = YES;
				CLANG_WARN_BOOL_CONVERSION = YES;
				CLANG_WARN_COMMA = YES;
				CLANG_WARN_CONSTANT_CONVERSION = YES;
				CLANG_WARN_DEPRECATED_OBJC_IMPLEMENTATIONS = YES;
				CLANG_WARN_DIRECT_OBJC_ISA_USAGE = YES_ERROR;
				CLANG_WARN_DOCUMENTATION_COMMENTS = YES;
				CLANG_WARN_EMPTY_BODY = YES;
				CLANG_WARN_ENUM_CONVERSION = YES;
				CLANG_WARN_INFINITE_RECURSION = YES;
				CLANG_WARN_INT_CONVERSION = YES;
				CLANG_WARN_NON_LITERAL_NULL_CONVERSION = YES;
				CLANG_WARN_OBJC_IMPLICIT_RETAIN_SELF = YES;
				CLANG_WARN_OBJC_LITERAL_CONVERSION = YES;
				CLANG_WARN_OBJC_ROOT_CLASS = YES_ERROR;
				CLANG_WARN_QUOTED_INCLUDE_IN_FRAMEWORK_HEADER = YES;
				CLANG_WARN_RANGE_LOOP_ANALYSIS = YES;
				CLANG_WARN_STRICT_PROTOTYPES = YES;
				CLANG_WARN_SUSPICIOUS_MOVE = YES;
				CLANG_WARN_UNGUARDED_AVAILABILITY = YES_AGGRESSIVE;
				CLANG_WARN_UNREACHABLE_CODE = YES;
				CLANG_WARN__DUPLICATE_METHOD_MATCH = YES;
				COPY_PHASE_STRIP = NO;
				DEBUG_INFORMATION_FORMAT = "dwarf-with-dsym";
				ENABLE_NS_ASSERTIONS = NO;
				ENABLE_STRICT_OBJC_MSGSEND = YES;
				GCC_C_LANGUAGE_STANDARD = gnu11;
				GCC_NO_COMMON_BLOCKS = YES;
				GCC_WARN_64_TO_32_BIT_CONVERSION = YES;
				GCC_WARN_ABOUT_RETURN_TYPE = YES_ERROR;
				GCC_WARN_UNDECLARED_SELECTOR = YES;
				GCC_WARN_UNINITIALIZED_AUTOS = YES_AGGRESSIVE;
				GCC_WARN_UNUSED_FUNCTION = YES;
				GCC_WARN_UNUSED_VARIABLE = YES;
				IPHONEOS_DEPLOYMENT_TARGET = 13.0;
				MTL_ENABLE_DEBUG_INFO = NO;
				MTL_FAST_MATH = YES;
				SDKROOT = iphoneos;
				SWIFT_COMPILATION_MODE = wholemodule;
				SWIFT_OPTIMIZATION_LEVEL = "-O";
				VALIDATE_PRODUCT = YES;
			};
			name = AppSore;
		};
		18F7E49B299F7346004CD02A /* AppSore */ = {
			isa = XCBuildConfiguration;
			buildSettings = {
				ASSETCATALOG_COMPILER_APPICON_NAME = AppIcon;
				ASSETCATALOG_COMPILER_GLOBAL_ACCENT_COLOR_NAME = AccentColor;
				CODE_SIGN_STYLE = Automatic;
				CURRENT_PROJECT_VERSION = 1;
				DEVELOPMENT_TEAM = 8TQG57X94B;
				GENERATE_INFOPLIST_FILE = YES;
				INFOPLIST_FILE = YYProjectConfig/Info.plist;
				INFOPLIST_KEY_CFBundleDisplayName = "NothingX-Beta";
				INFOPLIST_KEY_UIApplicationSupportsIndirectInputEvents = YES;
				INFOPLIST_KEY_UILaunchStoryboardName = LaunchScreen;
				INFOPLIST_KEY_UIMainStoryboardFile = Main;
				INFOPLIST_KEY_UISupportedInterfaceOrientations_iPad = "UIInterfaceOrientationPortrait UIInterfaceOrientationPortraitUpsideDown UIInterfaceOrientationLandscapeLeft UIInterfaceOrientationLandscapeRight";
				INFOPLIST_KEY_UISupportedInterfaceOrientations_iPhone = "UIInterfaceOrientationPortrait UIInterfaceOrientationLandscapeLeft UIInterfaceOrientationLandscapeRight";
				LD_RUNPATH_SEARCH_PATHS = (
					"$(inherited)",
					"@executable_path/Frameworks",
				);
				MARKETING_VERSION = 1.0;
				PRODUCT_BUNDLE_IDENTIFIER = com.nothing.YYProjectConfig;
				PRODUCT_NAME = "$(TARGET_NAME)";
				SWIFT_EMIT_LOC_STRINGS = YES;
				SWIFT_VERSION = 5.0;
				TARGETED_DEVICE_FAMILY = "1,2";
			};
			name = AppSore;
		};
/* End XCBuildConfiguration section */

/* Begin XCConfigurationList section */
		1843AF83299C9023009DC271 /* Build configuration list for PBXProject "YYProjectConfig" */ = {
			isa = XCConfigurationList;
			buildConfigurations = (
				18F7E494299F7305004CD02A /* Alpha */,
				18F7E496299F7331004CD02A /* Beta */,
				18F7E498299F733C004CD02A /* Media */,
				18F7E49A299F7346004CD02A /* AppSore */,
			);
			defaultConfigurationIsVisible = 0;
			defaultConfigurationName = Alpha;
		};
		1843AF9C299C9026009DC271 /* Build configuration list for PBXNativeTarget "YYProjectConfig" */ = {
			isa = XCConfigurationList;
			buildConfigurations = (
				18F7E495299F7305004CD02A /* Alpha */,
				18F7E497299F7331004CD02A /* Beta */,
				18F7E499299F733C004CD02A /* Media */,
				18F7E49B299F7346004CD02A /* AppSore */,
			);
			defaultConfigurationIsVisible = 0;
			defaultConfigurationName = Alpha;
		};
/* End XCConfigurationList section */
	};
	rootObject = 1843AF80299C9023009DC271 /* Project object */;
}
